
Microsoft Visual Studio Solution File, Format Version 12.00
# Visual Studio Version 17
VisualStudioVersion = 17.10.34607.79
MinimumVisualStudioVersion = 10.0.40219.1
Project("{FAE04EC0-301F-11D3-BF4B-00C04F79EFBC}") = "Treugolnik", "Treugolnik\Treugolnik.csproj", "{AF4660EF-6343-4A77-AEDE-7C659D93FFE9}"
EndProject
Global
	GlobalSection(SolutionConfigurationPlatforms) = preSolution
		Debug|Any CPU = Debug|Any CPU
		Release|Any CPU = Release|Any CPU
	EndGlobalSection
	GlobalSection(ProjectConfigurationPlatforms) = postSolution
		{AF4660EF-6343-4A77-AEDE-7C659D93FFE9}.Debug|Any CPU.ActiveCfg = Debug|Any CPU
		{AF4660EF-6343-4A77-AEDE-7C659D93FFE9}.Debug|Any CPU.Build.0 = Debug|Any CPU
		{AF4660EF-6343-4A77-AEDE-7C659D93FFE9}.Release|Any CPU.ActiveCfg = Release|Any CPU
		{AF4660EF-6343-4A77-AEDE-7C659D93FFE9}.Release|Any CPU.Build.0 = Release|Any CPU
	EndGlobalSection
	GlobalSection(SolutionProperties) = preSolution
		HideSolutionNode = FALSE
	EndGlobalSection
	GlobalSection(ExtensibilityGlobals) = postSolution
		SolutionGuid = {7DB1B796-36DD-4779-9B26-1956955D98AE}
	EndGlobalSection
EndGlobal
